
Microsoft Visual Studio Solution File, Format Version 12.00
# Visual Studio Version 16
VisualStudioVersion = 16.0.30907.101
MinimumVisualStudioVersion = 10.0.40219.1
Project("{FAE04EC0-301F-11D3-BF4B-00C04F79EFBC}") = "ClassMetotDemo", "ClassMetotDemo\ClassMetotDemo.csproj", "{B66E6D22-DC5E-43AF-B96E-038B66F721D0}"
EndProject
Global
	GlobalSection(SolutionConfigurationPlatforms) = preSolution
		Debug|Any CPU = Debug|Any CPU
		Release|Any CPU = Release|Any CPU
	EndGlobalSection
	GlobalSection(ProjectConfigurationPlatforms) = postSolution
		{B66E6D22-DC5E-43AF-B96E-038B66F721D0}.Debug|Any CPU.ActiveCfg = Debug|Any CPU
		{B66E6D22-DC5E-43AF-B96E-038B66F721D0}.Debug|Any CPU.Build.0 = Debug|Any CPU
		{B66E6D22-DC5E-43AF-B96E-038B66F721D0}.Release|Any CPU.ActiveCfg = Release|Any CPU
		{B66E6D22-DC5E-43AF-B96E-038B66F721D0}.Release|Any CPU.Build.0 = Release|Any CPU
	EndGlobalSection
	GlobalSection(SolutionProperties) = preSolution
		HideSolutionNode = FALSE
	EndGlobalSection
	GlobalSection(ExtensibilityGlobals) = postSolution
		SolutionGuid = {EFC4CE02-250A-4E62-B8CA-4E5713E1B043}
	EndGlobalSection
EndGlobal
